
Microsoft Visual Studio Solution File, Format Version 12.00
# Visual Studio Version 17
VisualStudioVersion = 17.8.34408.163
MinimumVisualStudioVersion = 10.0.40219.1
Project("{FAE04EC0-301F-11D3-BF4B-00C04F79EFBC}") = "modul6_1302223042", "modul6_1302223042.csproj", "{95E2B85C-112E-4785-9EE4-C4A260A6EECF}"
EndProject
Global
	GlobalSection(SolutionConfigurationPlatforms) = preSolution
		Debug|Any CPU = Debug|Any CPU
		Release|Any CPU = Release|Any CPU
	EndGlobalSection
	GlobalSection(ProjectConfigurationPlatforms) = postSolution
		{95E2B85C-112E-4785-9EE4-C4A260A6EECF}.Debug|Any CPU.ActiveCfg = Debug|Any CPU
		{95E2B85C-112E-4785-9EE4-C4A260A6EECF}.Debug|Any CPU.Build.0 = Debug|Any CPU
		{95E2B85C-112E-4785-9EE4-C4A260A6EECF}.Release|Any CPU.ActiveCfg = Release|Any CPU
		{95E2B85C-112E-4785-9EE4-C4A260A6EECF}.Release|Any CPU.Build.0 = Release|Any CPU
	EndGlobalSection
	GlobalSection(SolutionProperties) = preSolution
		HideSolutionNode = FALSE
	EndGlobalSection
	GlobalSection(ExtensibilityGlobals) = postSolution
		SolutionGuid = {BB0DEB92-9809-47E0-9E3B-FAB9C5B2AC34}
	EndGlobalSection
EndGlobal
